// !$*UTF8*$!
{
	archiveVersion = 1;
	classes = {
	};
	objectVersion = 56;
	objects = {

/* Begin PBXBuildFile section */
		63E3A4342A28664B00EF2DAA /* SwiftNotesApp.swift in Sources */ = {isa = PBXBuildFile; fileRef = 63E3A4332A28664B00EF2DAA /* SwiftNotesApp.swift */; };
		63E3A4362A28664B00EF2DAA /* ContentView.swift in Sources */ = {isa = PBXBuildFile; fileRef = 63E3A4352A28664B00EF2DAA /* ContentView.swift */; };
		63E3A4382A28664C00EF2DAA /* Assets.xcassets in Resources */ = {isa = PBXBuildFile; fileRef = 63E3A4372A28664C00EF2DAA /* Assets.xcassets */; };
		63E3A43B2A28664C00EF2DAA /* Preview Assets.xcassets in Resources */ = {isa = PBXBuildFile; fileRef = 63E3A43A2A28664C00EF2DAA /* Preview Assets.xcassets */; };
		63E3A4452A28664D00EF2DAA /* SwiftNotesTests.swift in Sources */ = {isa = PBXBuildFile; fileRef = 63E3A4442A28664D00EF2DAA /* SwiftNotesTests.swift */; };
		63E3A44F2A28664D00EF2DAA /* SwiftNotesUITests.swift in Sources */ = {isa = PBXBuildFile; fileRef = 63E3A44E2A28664D00EF2DAA /* SwiftNotesUITests.swift */; };
		63E3A4512A28664D00EF2DAA /* SwiftNotesUITestsLaunchTests.swift in Sources */ = {isa = PBXBuildFile; fileRef = 63E3A4502A28664D00EF2DAA /* SwiftNotesUITestsLaunchTests.swift */; };
/* End PBXBuildFile section */

/* Begin PBXContainerItemProxy section */
		63E3A4412A28664D00EF2DAA /* PBXContainerItemProxy */ = {
			isa = PBXContainerItemProxy;
			containerPortal = 63E3A4282A28664B00EF2DAA /* Project object */;
			proxyType = 1;
			remoteGlobalIDString = 63E3A42F2A28664B00EF2DAA;
			remoteInfo = SwiftNotes;
		};
		63E3A44B2A28664D00EF2DAA /* PBXContainerItemProxy */ = {
			isa = PBXContainerItemProxy;
			containerPortal = 63E3A4282A28664B00EF2DAA /* Project object */;
			proxyType = 1;
			remoteGlobalIDString = 63E3A42F2A28664B00EF2DAA;
			remoteInfo = SwiftNotes;
		};
/* End PBXContainerItemProxy section */

/* Begin PBXFileReference section */
		63E3A4302A28664B00EF2DAA /* SwiftNotes.app */ = {isa = PBXFileReference; explicitFileType = wrapper.application; includeInIndex = 0; path = SwiftNotes.app; sourceTree = BUILT_PRODUCTS_DIR; };
		63E3A4332A28664B00EF2DAA /* SwiftNotesApp.swift */ = {isa = PBXFileReference; lastKnownFileType = sourcecode.swift; path = SwiftNotesApp.swift; sourceTree = "<group>"; };
		63E3A4352A28664B00EF2DAA /* ContentView.swift */ = {isa = PBXFileReference; lastKnownFileType = sourcecode.swift; path = ContentView.swift; sourceTree = "<group>"; };
		63E3A4372A28664C00EF2DAA /* Assets.xcassets */ = {isa = PBXFileReference; lastKnownFileType = folder.assetcatalog; path = Assets.xcassets; sourceTree = "<group>"; };
		63E3A43A2A28664C00EF2DAA /* Preview Assets.xcassets */ = {isa = PBXFileReference; lastKnownFileType = folder.assetcatalog; path = "Preview Assets.xcassets"; sourceTree = "<group>"; };
		63E3A4402A28664D00EF2DAA /* SwiftNotesTests.xctest */ = {isa = PBXFileReference; explicitFileType = wrapper.cfbundle; includeInIndex = 0; path = SwiftNotesTests.xctest; sourceTree = BUILT_PRODUCTS_DIR; };
		63E3A4442A28664D00EF2DAA /* SwiftNotesTests.swift */ = {isa = PBXFileReference; lastKnownFileType = sourcecode.swift; path = SwiftNotesTests.swift; sourceTree = "<group>"; };
		63E3A44A2A28664D00EF2DAA /* SwiftNotesUITests.xctest */ = {isa = PBXFileReference; explicitFileType = wrapper.cfbundle; includeInIndex = 0; path = SwiftNotesUITests.xctest; sourceTree = BUILT_PRODUCTS_DIR; };
		63E3A44E2A28664D00EF2DAA /* SwiftNotesUITests.swift */ = {isa = PBXFileReference; lastKnownFileType = sourcecode.swift; path = SwiftNotesUITests.swift; sourceTree = "<group>"; };
		63E3A4502A28664D00EF2DAA /* SwiftNotesUITestsLaunchTests.swift */ = {isa = PBXFileReference; lastKnownFileType = sourcecode.swift; path = SwiftNotesUITestsLaunchTests.swift; sourceTree = "<group>"; };
/* End PBXFileReference section */

/* Begin PBXFrameworksBuildPhase section */
		63E3A42D2A28664B00EF2DAA /* Frameworks */ = {
			isa = PBXFrameworksBuildPhase;
			buildActionMask = 2147483647;
			files = (
			);
			runOnlyForDeploymentPostprocessing = 0;
		};
		63E3A43D2A28664D00EF2DAA /* Frameworks */ = {
			isa = PBXFrameworksBuildPhase;
			buildActionMask = 2147483647;
			files = (
			);
			runOnlyForDeploymentPostprocessing = 0;
		};
		63E3A4472A28664D00EF2DAA /* Frameworks */ = {
			isa = PBXFrameworksBuildPhase;
			buildActionMask = 2147483647;
			files = (
			);
			runOnlyForDeploymentPostprocessing = 0;
		};
/* End PBXFrameworksBuildPhase section */

/* Begin PBXGroup section */
		63E3A4272A28664B00EF2DAA = {
			isa = PBXGroup;
			children = (
				63E3A4322A28664B00EF2DAA /* SwiftNotes */,
				63E3A4432A28664D00EF2DAA /* SwiftNotesTests */,
				63E3A44D2A28664D00EF2DAA /* SwiftNotesUITests */,
				63E3A4312A28664B00EF2DAA /* Products */,
			);
			sourceTree = "<group>";
		};
		63E3A4312A28664B00EF2DAA /* Products */ = {
			isa = PBXGroup;
			children = (
				63E3A4302A28664B00EF2DAA /* SwiftNotes.app */,
				63E3A4402A28664D00EF2DAA /* SwiftNotesTests.xctest */,
				63E3A44A2A28664D00EF2DAA /* SwiftNotesUITests.xctest */,
			);
			name = Products;
			sourceTree = "<group>";
		};
		63E3A4322A28664B00EF2DAA /* SwiftNotes */ = {
			isa = PBXGroup;
			children = (
				63E3A4332A28664B00EF2DAA /* SwiftNotesApp.swift */,
				63E3A4352A28664B00EF2DAA /* ContentView.swift */,
				63E3A4372A28664C00EF2DAA /* Assets.xcassets */,
				63E3A4392A28664C00EF2DAA /* Preview Content */,
			);
			path = SwiftNotes;
			sourceTree = "<group>";
		};
		63E3A4392A28664C00EF2DAA /* Preview Content */ = {
			isa = PBXGroup;
			children = (
				63E3A43A2A28664C00EF2DAA /* Preview Assets.xcassets */,
			);
			path = "Preview Content";
			sourceTree = "<group>";
		};
		63E3A4432A28664D00EF2DAA /* SwiftNotesTests */ = {
			isa = PBXGroup;
			children = (
				63E3A4442A28664D00EF2DAA /* SwiftNotesTests.swift */,
			);
			path = SwiftNotesTests;
			sourceTree = "<group>";
		};
		63E3A44D2A28664D00EF2DAA /* SwiftNotesUITests */ = {
			isa = PBXGroup;
			children = (
				63E3A44E2A28664D00EF2DAA /* SwiftNotesUITests.swift */,
				63E3A4502A28664D00EF2DAA /* SwiftNotesUITestsLaunchTests.swift */,
			);
			path = SwiftNotesUITests;
			sourceTree = "<group>";
		};
/* End PBXGroup section */

/* Begin PBXNativeTarget section */
		63E3A42F2A28664B00EF2DAA /* SwiftNotes */ = {
			isa = PBXNativeTarget;
			buildConfigurationList = 63E3A4542A28664D00EF2DAA /* Build configuration list for PBXNativeTarget "SwiftNotes" */;
			buildPhases = (
				63E3A42C2A28664B00EF2DAA /* Sources */,
				63E3A42D2A28664B00EF2DAA /* Frameworks */,
				63E3A42E2A28664B00EF2DAA /* Resources */,
			);
			buildRules = (
			);
			dependencies = (
			);
			name = SwiftNotes;
			productName = SwiftNotes;
			productReference = 63E3A4302A28664B00EF2DAA /* SwiftNotes.app */;
			productType = "com.apple.product-type.application";
		};
		63E3A43F2A28664D00EF2DAA /* SwiftNotesTests */ = {
			isa = PBXNativeTarget;
			buildConfigurationList = 63E3A4572A28664D00EF2DAA /* Build configuration list for PBXNativeTarget "SwiftNotesTests" */;
			buildPhases = (
				63E3A43C2A28664D00EF2DAA /* Sources */,
				63E3A43D2A28664D00EF2DAA /* Frameworks */,
				63E3A43E2A28664D00EF2DAA /* Resources */,
			);
			buildRules = (
			);
			dependencies = (
				63E3A4422A28664D00EF2DAA /* PBXTargetDependency */,
			);
			name = SwiftNotesTests;
			productName = SwiftNotesTests;
			productReference = 63E3A4402A28664D00EF2DAA /* SwiftNotesTests.xctest */;
			productType = "com.apple.product-type.bundle.unit-test";
		};
		63E3A4492A28664D00EF2DAA /* SwiftNotesUITests */ = {
			isa = PBXNativeTarget;
			buildConfigurationList = 63E3A45A2A28664D00EF2DAA /* Build configuration list for PBXNativeTarget "SwiftNotesUITests" */;
			buildPhases = (
				63E3A4462A28664D00EF2DAA /* Sources */,
				63E3A4472A28664D00EF2DAA /* Frameworks */,
				63E3A4482A28664D00EF2DAA /* Resources */,
			);
			buildRules = (
			);
			dependencies = (
				63E3A44C2A28664D00EF2DAA /* PBXTargetDependency */,
			);
			name = SwiftNotesUITests;
			productName = SwiftNotesUITests;
			productReference = 63E3A44A2A28664D00EF2DAA /* SwiftNotesUITests.xctest */;
			productType = "com.apple.product-type.bundle.ui-testing";
		};
/* End PBXNativeTarget section */

/* Begin PBXProject section */
		63E3A4282A28664B00EF2DAA /* Project object */ = {
			isa = PBXProject;
			attributes = {
				BuildIndependentTargetsInParallel = 1;
				LastSwiftUpdateCheck = 1430;
				LastUpgradeCheck = 1430;
				TargetAttributes = {
					63E3A42F2A28664B00EF2DAA = {
						CreatedOnToolsVersion = 14.3;
					};
					63E3A43F2A28664D00EF2DAA = {
						CreatedOnToolsVersion = 14.3;
						TestTargetID = 63E3A42F2A28664B00EF2DAA;
					};
					63E3A4492A28664D00EF2DAA = {
						CreatedOnToolsVersion = 14.3;
						TestTargetID = 63E3A42F2A28664B00EF2DAA;
					};
				};
			};
			buildConfigurationList = 63E3A42B2A28664B00EF2DAA /* Build configuration list for PBXProject "SwiftNotes" */;
			compatibilityVersion = "Xcode 14.0";
			developmentRegion = en;
			hasScannedForEncodings = 0;
			knownRegions = (
				en,
				Base,
			);
			mainGroup = 63E3A4272A28664B00EF2DAA;
			productRefGroup = 63E3A4312A28664B00EF2DAA /* Products */;
			projectDirPath = "";
			projectRoot = "";
			targets = (
				63E3A42F2A28664B00EF2DAA /* SwiftNotes */,
				63E3A43F2A28664D00EF2DAA /* SwiftNotesTests */,
				63E3A4492A28664D00EF2DAA /* SwiftNotesUITests */,
			);
		};
/* End PBXProject section */

/* Begin PBXResourcesBuildPhase section */
		63E3A42E2A28664B00EF2DAA /* Resources */ = {
			isa = PBXResourcesBuildPhase;
			buildActionMask = 2147483647;
			files = (
				63E3A43B2A28664C00EF2DAA /* Preview Assets.xcassets in Resources */,
				63E3A4382A28664C00EF2DAA /* Assets.xcassets in Resources */,
			);
			runOnlyForDeploymentPostprocessing = 0;
		};
		63E3A43E2A28664D00EF2DAA /* Resources */ = {
			isa = PBXResourcesBuildPhase;
			buildActionMask = 2147483647;
			files = (
			);
			runOnlyForDeploymentPostprocessing = 0;
		};
		63E3A4482A28664D00EF2DAA /* Resources */ = {
			isa = PBXResourcesBuildPhase;
			buildActionMask = 2147483647;
			files = (
			);
			runOnlyForDeploymentPostprocessing = 0;
		};
/* End PBXResourcesBuildPhase section */

/* Begin PBXSourcesBuildPhase section */
		63E3A42C2A28664B00EF2DAA /* Sources */ = {
			isa = PBXSourcesBuildPhase;
			buildActionMask = 2147483647;
			files = (
				63E3A4362A28664B00EF2DAA /* ContentView.swift in Sources */,
				63E3A4342A28664B00EF2DAA /* SwiftNotesApp.swift in Sources */,
			);
			runOnlyForDeploymentPostprocessing = 0;
		};
		63E3A43C2A28664D00EF2DAA /* Sources */ = {
			isa = PBXSourcesBuildPhase;
			buildActionMask = 2147483647;
			files = (
				63E3A4452A28664D00EF2DAA /* SwiftNotesTests.swift in Sources */,
			);
			runOnlyForDeploymentPostprocessing = 0;
		};
		63E3A4462A28664D00EF2DAA /* Sources */ = {
			isa = PBXSourcesBuildPhase;
			buildActionMask = 2147483647;
			files = (
				63E3A4512A28664D00EF2DAA /* SwiftNotesUITestsLaunchTests.swift in Sources */,
				63E3A44F2A28664D00EF2DAA /* SwiftNotesUITests.swift in Sources */,
			);
			runOnlyForDeploymentPostprocessing = 0;
		};
/* End PBXSourcesBuildPhase section */

/* Begin PBXTargetDependency section */
		63E3A4422A28664D00EF2DAA /* PBXTargetDependency */ = {
			isa = PBXTargetDependency;
			target = 63E3A42F2A28664B00EF2DAA /* SwiftNotes */;
			targetProxy = 63E3A4412A28664D00EF2DAA /* PBXContainerItemProxy */;
		};
		63E3A44C2A28664D00EF2DAA /* PBXTargetDependency */ = {
			isa = PBXTargetDependency;
			target = 63E3A42F2A28664B00EF2DAA /* SwiftNotes */;
			targetProxy = 63E3A44B2A28664D00EF2DAA /* PBXContainerItemProxy */;
		};
/* End PBXTargetDependency section */

/* Begin XCBuildConfiguration section */
		63E3A4522A28664D00EF2DAA /* Debug */ = {
			isa = XCBuildConfiguration;
			buildSettings = {
				ALWAYS_SEARCH_USER_PATHS = NO;
				CLANG_ANALYZER_NONNULL = YES;
				CLANG_ANALYZER_NUMBER_OBJECT_CONVERSION = YES_AGGRESSIVE;
				CLANG_CXX_LANGUAGE_STANDARD = "gnu++20";
				CLANG_ENABLE_MODULES = YES;
				CLANG_ENABLE_OBJC_ARC = YES;
				CLANG_ENABLE_OBJC_WEAK = YES;
				CLANG_WARN_BLOCK_CAPTURE_AUTORELEASING = YES;
				CLANG_WARN_BOOL_CONVERSION = YES;
				CLANG_WARN_COMMA = YES;
				CLANG_WARN_CONSTANT_CONVERSION = YES;
				CLANG_WARN_DEPRECATED_OBJC_IMPLEMENTATIONS = YES;
				CLANG_WARN_DIRECT_OBJC_ISA_USAGE = YES_ERROR;
				CLANG_WARN_DOCUMENTATION_COMMENTS = YES;
				CLANG_WARN_EMPTY_BODY = YES;
				CLANG_WARN_ENUM_CONVERSION = YES;
				CLANG_WARN_INFINITE_RECURSION = YES;
				CLANG_WARN_INT_CONVERSION = YES;
				CLANG_WARN_NON_LITERAL_NULL_CONVERSION = YES;
				CLANG_WARN_OBJC_IMPLICIT_RETAIN_SELF = YES;
				CLANG_WARN_OBJC_LITERAL_CONVERSION = YES;
				CLANG_WARN_OBJC_ROOT_CLASS = YES_ERROR;
				CLANG_WARN_QUOTED_INCLUDE_IN_FRAMEWORK_HEADER = YES;
				CLANG_WARN_RANGE_LOOP_ANALYSIS = YES;
				CLANG_WARN_STRICT_PROTOTYPES = YES;
				CLANG_WARN_SUSPICIOUS_MOVE = YES;
				CLANG_WARN_UNGUARDED_AVAILABILITY = YES_AGGRESSIVE;
				CLANG_WARN_UNREACHABLE_CODE = YES;
				CLANG_WARN__DUPLICATE_METHOD_MATCH = YES;
				COPY_PHASE_STRIP = NO;
				DEBUG_INFORMATION_FORMAT = dwarf;
				ENABLE_STRICT_OBJC_MSGSEND = YES;
				ENABLE_TESTABILITY = YES;
				GCC_C_LANGUAGE_STANDARD = gnu11;
				GCC_DYNAMIC_NO_PIC = NO;
				GCC_NO_COMMON_BLOCKS = YES;
				GCC_OPTIMIZATION_LEVEL = 0;
				GCC_PREPROCESSOR_DEFINITIONS = (
					"DEBUG=1",
					"$(inherited)",
				);
				GCC_WARN_64_TO_32_BIT_CONVERSION = YES;
				GCC_WARN_ABOUT_RETURN_TYPE = YES_ERROR;
				GCC_WARN_UNDECLARED_SELECTOR = YES;
				GCC_WARN_UNINITIALIZED_AUTOS = YES_AGGRESSIVE;
				GCC_WARN_UNUSED_FUNCTION = YES;
				GCC_WARN_UNUSED_VARIABLE = YES;
				IPHONEOS_DEPLOYMENT_TARGET = 16.4;
				MTL_ENABLE_DEBUG_INFO = INCLUDE_SOURCE;
				MTL_FAST_MATH = YES;
				ONLY_ACTIVE_ARCH = YES;
				SDKROOT = iphoneos;
				SWIFT_ACTIVE_COMPILATION_CONDITIONS = DEBUG;
				SWIFT_OPTIMIZATION_LEVEL = "-Onone";
			};
			name = Debug;
		};
		63E3A4532A28664D00EF2DAA /* Release */ = {
			isa = XCBuildConfiguration;
			buildSettings = {
				ALWAYS_SEARCH_USER_PATHS = NO;
				CLANG_ANALYZER_NONNULL = YES;
				CLANG_ANALYZER_NUMBER_OBJECT_CONVERSION = YES_AGGRESSIVE;
				CLANG_CXX_LANGUAGE_STANDARD = "gnu++20";
				CLANG_ENABLE_MODULES = YES;
				CLANG_ENABLE_OBJC_ARC = YES;
				CLANG_ENABLE_OBJC_WEAK = YES;
				CLANG_WARN_BLOCK_CAPTURE_AUTORELEASING = YES;
				CLANG_WARN_BOOL_CONVERSION = YES;
				CLANG_WARN_COMMA = YES;
				CLANG_WARN_CONSTANT_CONVERSION = YES;
				CLANG_WARN_DEPRECATED_OBJC_IMPLEMENTATIONS = YES;
				CLANG_WARN_DIRECT_OBJC_ISA_USAGE = YES_ERROR;
				CLANG_WARN_DOCUMENTATION_COMMENTS = YES;
				CLANG_WARN_EMPTY_BODY = YES;
				CLANG_WARN_ENUM_CONVERSION = YES;
				CLANG_WARN_INFINITE_RECURSION = YES;
				CLANG_WARN_INT_CONVERSION = YES;
				CLANG_WARN_NON_LITERAL_NULL_CONVERSION = YES;
				CLANG_WARN_OBJC_IMPLICIT_RETAIN_SELF = YES;
				CLANG_WARN_OBJC_LITERAL_CONVERSION = YES;
				CLANG_WARN_OBJC_ROOT_CLASS = YES_ERROR;
				CLANG_WARN_QUOTED_INCLUDE_IN_FRAMEWORK_HEADER = YES;
				CLANG_WARN_RANGE_LOOP_ANALYSIS = YES;
				CLANG_WARN_STRICT_PROTOTYPES = YES;
				CLANG_WARN_SUSPICIOUS_MOVE = YES;
				CLANG_WARN_UNGUARDED_AVAILABILITY = YES_AGGRESSIVE;
				CLANG_WARN_UNREACHABLE_CODE = YES;
				CLANG_WARN__DUPLICATE_METHOD_MATCH = YES;
				COPY_PHASE_STRIP = NO;
				DEBUG_INFORMATION_FORMAT = "dwarf-with-dsym";
				ENABLE_NS_ASSERTIONS = NO;
				ENABLE_STRICT_OBJC_MSGSEND = YES;
				GCC_C_LANGUAGE_STANDARD = gnu11;
				GCC_NO_COMMON_BLOCKS = YES;
				GCC_WARN_64_TO_32_BIT_CONVERSION = YES;
				GCC_WARN_ABOUT_RETURN_TYPE = YES_ERROR;
				GCC_WARN_UNDECLARED_SELECTOR = YES;
				GCC_WARN_UNINITIALIZED_AUTOS = YES_AGGRESSIVE;
				GCC_WARN_UNUSED_FUNCTION = YES;
				GCC_WARN_UNUSED_VARIABLE = YES;
				IPHONEOS_DEPLOYMENT_TARGET = 16.4;
				MTL_ENABLE_DEBUG_INFO = NO;
				MTL_FAST_MATH = YES;
				SDKROOT = iphoneos;
				SWIFT_COMPILATION_MODE = wholemodule;
				SWIFT_OPTIMIZATION_LEVEL = "-O";
				VALIDATE_PRODUCT = YES;
			};
			name = Release;
		};
		63E3A4552A28664D00EF2DAA /* Debug */ = {
			isa = XCBuildConfiguration;
			buildSettings = {
				ASSETCATALOG_COMPILER_APPICON_NAME = AppIcon;
				ASSETCATALOG_COMPILER_GLOBAL_ACCENT_COLOR_NAME = AccentColor;
				CODE_SIGN_STYLE = Automatic;
				CURRENT_PROJECT_VERSION = 1;
				DEVELOPMENT_ASSET_PATHS = "\"SwiftNotes/Preview Content\"";
				ENABLE_PREVIEWS = YES;
				GENERATE_INFOPLIST_FILE = YES;
				INFOPLIST_KEY_UIApplicationSceneManifest_Generation = YES;
				INFOPLIST_KEY_UIApplicationSupportsIndirectInputEvents = YES;
				INFOPLIST_KEY_UILaunchScreen_Generation = YES;
				INFOPLIST_KEY_UISupportedInterfaceOrientations_iPad = "UIInterfaceOrientationPortrait UIInterfaceOrientationPortraitUpsideDown UIInterfaceOrientationLandscapeLeft UIInterfaceOrientationLandscapeRight";
				INFOPLIST_KEY_UISupportedInterfaceOrientations_iPhone = "UIInterfaceOrientationPortrait UIInterfaceOrientationLandscapeLeft UIInterfaceOrientationLandscapeRight";
				LD_RUNPATH_SEARCH_PATHS = (
					"$(inherited)",
					"@executable_path/Frameworks",
				);
				MARKETING_VERSION = 1.0;
				PRODUCT_BUNDLE_IDENTIFIER = Solrak.SwiftNotes;
				PRODUCT_NAME = "$(TARGET_NAME)";
				SWIFT_EMIT_LOC_STRINGS = YES;
				SWIFT_VERSION = 5.0;
				TARGETED_DEVICE_FAMILY = "1,2";
			};
			name = Debug;
		};
		63E3A4562A28664D00EF2DAA /* Release */ = {
			isa = XCBuildConfiguration;
			buildSettings = {
				ASSETCATALOG_COMPILER_APPICON_NAME = AppIcon;
				ASSETCATALOG_COMPILER_GLOBAL_ACCENT_COLOR_NAME = AccentColor;
				CODE_SIGN_STYLE = Automatic;
				CURRENT_PROJECT_VERSION = 1;
				DEVELOPMENT_ASSET_PATHS = "\"SwiftNotes/Preview Content\"";
				ENABLE_PREVIEWS = YES;
				GENERATE_INFOPLIST_FILE = YES;
				INFOPLIST_KEY_UIApplicationSceneManifest_Generation = YES;
				INFOPLIST_KEY_UIApplicationSupportsIndirectInputEvents = YES;
				INFOPLIST_KEY_UILaunchScreen_Generation = YES;
				INFOPLIST_KEY_UISupportedInterfaceOrientations_iPad = "UIInterfaceOrientationPortrait UIInterfaceOrientationPortraitUpsideDown UIInterfaceOrientationLandscapeLeft UIInterfaceOrientationLandscapeRight";
				INFOPLIST_KEY_UISupportedInterfaceOrientations_iPhone = "UIInterfaceOrientationPortrait UIInterfaceOrientationLandscapeLeft UIInterfaceOrientationLandscapeRight";
				LD_RUNPATH_SEARCH_PATHS = (
					"$(inherited)",
					"@executable_path/Frameworks",
				);
				MARKETING_VERSION = 1.0;
				PRODUCT_BUNDLE_IDENTIFIER = Solrak.SwiftNotes;
				PRODUCT_NAME = "$(TARGET_NAME)";
				SWIFT_EMIT_LOC_STRINGS = YES;
				SWIFT_VERSION = 5.0;
				TARGETED_DEVICE_FAMILY = "1,2";
			};
			name = Release;
		};
		63E3A4582A28664D00EF2DAA /* Debug */ = {
			isa = XCBuildConfiguration;
			buildSettings = {
				ALWAYS_EMBED_SWIFT_STANDARD_LIBRARIES = YES;
				BUNDLE_LOADER = "$(TEST_HOST)";
				CODE_SIGN_STYLE = Automatic;
				CURRENT_PROJECT_VERSION = 1;
				GENERATE_INFOPLIST_FILE = YES;
				IPHONEOS_DEPLOYMENT_TARGET = 16.4;
				MARKETING_VERSION = 1.0;
				PRODUCT_BUNDLE_IDENTIFIER = Solrak.SwiftNotesTests;
				PRODUCT_NAME = "$(TARGET_NAME)";
				SWIFT_EMIT_LOC_STRINGS = NO;
				SWIFT_VERSION = 5.0;
				TARGETED_DEVICE_FAMILY = "1,2";
				TEST_HOST = "$(BUILT_PRODUCTS_DIR)/SwiftNotes.app/$(BUNDLE_EXECUTABLE_FOLDER_PATH)/SwiftNotes";
			};
			name = Debug;
		};
		63E3A4592A28664D00EF2DAA /* Release */ = {
			isa = XCBuildConfiguration;
			buildSettings = {
				ALWAYS_EMBED_SWIFT_STANDARD_LIBRARIES = YES;
				BUNDLE_LOADER = "$(TEST_HOST)";
				CODE_SIGN_STYLE = Automatic;
				CURRENT_PROJECT_VERSION = 1;
				GENERATE_INFOPLIST_FILE = YES;
				IPHONEOS_DEPLOYMENT_TARGET = 16.4;
				MARKETING_VERSION = 1.0;
				PRODUCT_BUNDLE_IDENTIFIER = Solrak.SwiftNotesTests;
				PRODUCT_NAME = "$(TARGET_NAME)";
				SWIFT_EMIT_LOC_STRINGS = NO;
				SWIFT_VERSION = 5.0;
				TARGETED_DEVICE_FAMILY = "1,2";
				TEST_HOST = "$(BUILT_PRODUCTS_DIR)/SwiftNotes.app/$(BUNDLE_EXECUTABLE_FOLDER_PATH)/SwiftNotes";
			};
			name = Release;
		};
		63E3A45B2A28664D00EF2DAA /* Debug */ = {
			isa = XCBuildConfiguration;
			buildSettings = {
				ALWAYS_EMBED_SWIFT_STANDARD_LIBRARIES = YES;
				CODE_SIGN_STYLE = Automatic;
				CURRENT_PROJECT_VERSION = 1;
				GENERATE_INFOPLIST_FILE = YES;
				MARKETING_VERSION = 1.0;
				PRODUCT_BUNDLE_IDENTIFIER = Solrak.SwiftNotesUITests;
				PRODUCT_NAME = "$(TARGET_NAME)";
				SWIFT_EMIT_LOC_STRINGS = NO;
				SWIFT_VERSION = 5.0;
				TARGETED_DEVICE_FAMILY = "1,2";
				TEST_TARGET_NAME = SwiftNotes;
			};
			name = Debug;
		};
		63E3A45C2A28664D00EF2DAA /* Release */ = {
			isa = XCBuildConfiguration;
			buildSettings = {
				ALWAYS_EMBED_SWIFT_STANDARD_LIBRARIES = YES;
				CODE_SIGN_STYLE = Automatic;
				CURRENT_PROJECT_VERSION = 1;
				GENERATE_INFOPLIST_FILE = YES;
				MARKETING_VERSION = 1.0;
				PRODUCT_BUNDLE_IDENTIFIER = Solrak.SwiftNotesUITests;
				PRODUCT_NAME = "$(TARGET_NAME)";
				SWIFT_EMIT_LOC_STRINGS = NO;
				SWIFT_VERSION = 5.0;
				TARGETED_DEVICE_FAMILY = "1,2";
				TEST_TARGET_NAME = SwiftNotes;
			};
			name = Release;
		};
/* End XCBuildConfiguration section */

/* Begin XCConfigurationList section */
		63E3A42B2A28664B00EF2DAA /* Build configuration list for PBXProject "SwiftNotes" */ = {
			isa = XCConfigurationList;
			buildConfigurations = (
				63E3A4522A28664D00EF2DAA /* Debug */,
				63E3A4532A28664D00EF2DAA /* Release */,
			);
			defaultConfigurationIsVisible = 0;
			defaultConfigurationName = Release;
		};
		63E3A4542A28664D00EF2DAA /* Build configuration list for PBXNativeTarget "SwiftNotes" */ = {
			isa = XCConfigurationList;
			buildConfigurations = (
				63E3A4552A28664D00EF2DAA /* Debug */,
				63E3A4562A28664D00EF2DAA /* Release */,
			);
			defaultConfigurationIsVisible = 0;
			defaultConfigurationName = Release;
		};
		63E3A4572A28664D00EF2DAA /* Build configuration list for PBXNativeTarget "SwiftNotesTests" */ = {
			isa = XCConfigurationList;
			buildConfigurations = (
				63E3A4582A28664D00EF2DAA /* Debug */,
				63E3A4592A28664D00EF2DAA /* Release */,
			);
			defaultConfigurationIsVisible = 0;
			defaultConfigurationName = Release;
		};
		63E3A45A2A28664D00EF2DAA /* Build configuration list for PBXNativeTarget "SwiftNotesUITests" */ = {
			isa = XCConfigurationList;
			buildConfigurations = (
				63E3A45B2A28664D00EF2DAA /* Debug */,
				63E3A45C2A28664D00EF2DAA /* Release */,
			);
			defaultConfigurationIsVisible = 0;
			defaultConfigurationName = Release;
		};
/* End XCConfigurationList section */
	};
	rootObject = 63E3A4282A28664B00EF2DAA /* Project object */;
}
